
Microsoft Visual Studio Solution File, Format Version 12.00
# Visual Studio Version 16
VisualStudioVersion = 16.0.31605.320
MinimumVisualStudioVersion = 10.0.40219.1
Project("{FAE04EC0-301F-11D3-BF4B-00C04F79EFBC}") = "WishAPI", "WishAPI.csproj", "{5F88BD9B-7F9D-47D5-A428-FC6EB2CF99EB}"
EndProject
Global
	GlobalSection(SolutionConfigurationPlatforms) = preSolution
		Debug|Any CPU = Debug|Any CPU
		Release|Any CPU = Release|Any CPU
	EndGlobalSection
	GlobalSection(ProjectConfigurationPlatforms) = postSolution
		{5F88BD9B-7F9D-47D5-A428-FC6EB2CF99EB}.Debug|Any CPU.ActiveCfg = Debug|Any CPU
		{5F88BD9B-7F9D-47D5-A428-FC6EB2CF99EB}.Debug|Any CPU.Build.0 = Debug|Any CPU
		{5F88BD9B-7F9D-47D5-A428-FC6EB2CF99EB}.Release|Any CPU.ActiveCfg = Release|Any CPU
		{5F88BD9B-7F9D-47D5-A428-FC6EB2CF99EB}.Release|Any CPU.Build.0 = Release|Any CPU
	EndGlobalSection
	GlobalSection(SolutionProperties) = preSolution
		HideSolutionNode = FALSE
	EndGlobalSection
	GlobalSection(ExtensibilityGlobals) = postSolution
		SolutionGuid = {56E142E6-F51A-4F83-9370-BE4E0FD13901}
	EndGlobalSection
EndGlobal
